// !$*UTF8*$!
{
	archiveVersion = 1;
	classes = {
	};
	objectVersion = 45;
	objects = {

/* Begin PBXBuildFile section */
		1D60589B0D05DD56006BFB54 /* main.m in Sources */ = {isa = PBXBuildFile; fileRef = 29B97316FDCFA39411CA2CEA /* main.m */; };
		1F3B9A2D0EF2145700286867 /* Towers42ProjectAppDelegate.m in Sources */ = {isa = PBXBuildFile; fileRef = 1F3B9A2B0EF2145700286867 /* Towers42ProjectAppDelegate.m */; };
		505574581045D68500A31725 /* AVFoundation.framework in Frameworks */ = {isa = PBXBuildFile; fileRef = 506EDBA4102F4C9F00A389B3 /* AVFoundation.framework */; };
		505574591045D68500A31725 /* AudioToolbox.framework in Frameworks */ = {isa = PBXBuildFile; fileRef = DC6640020F83B3EA000B3E49 /* AudioToolbox.framework */; };
		5055745A1045D68500A31725 /* CoreGraphics.framework in Frameworks */ = {isa = PBXBuildFile; fileRef = DCCBF1B60F6022AE0040855A /* CoreGraphics.framework */; };
		5055745B1045D68500A31725 /* OpenAL.framework in Frameworks */ = {isa = PBXBuildFile; fileRef = DC6640040F83B3EA000B3E49 /* OpenAL.framework */; };
		5055745C1045D68500A31725 /* OpenGLES.framework in Frameworks */ = {isa = PBXBuildFile; fileRef = DCCBF1BA0F6022AE0040855A /* OpenGLES.framework */; };
		5055745D1045D68500A31725 /* QuartzCore.framework in Frameworks */ = {isa = PBXBuildFile; fileRef = DCCBF1BC0F6022AE0040855A /* QuartzCore.framework */; };
		5055745E1045D69D00A31725 /* libz.dylib in Frameworks */ = {isa = PBXBuildFile; fileRef = 506EDB87102F4C4000A389B3 /* libz.dylib */; };
		506EDB88102F4C4000A389B3 /* libz.dylib in Frameworks */ = {isa = PBXBuildFile; fileRef = 506EDB87102F4C4000A389B3 /* libz.dylib */; };
		506EDBA5102F4C9F00A389B3 /* AVFoundation.framework in Frameworks */ = {isa = PBXBuildFile; fileRef = 506EDBA4102F4C9F00A389B3 /* AVFoundation.framework */; };
		506EDC31102F528A00A389B3 /* MainScene.mm in Sources */ = {isa = PBXBuildFile; fileRef = 506EDC30102F528A00A389B3 /* MainScene.mm */; };
		506EE1A91030508200A389B3 /* libcocos2d libraries.a in Frameworks */ = {isa = PBXBuildFile; fileRef = 506EE05E10304ED200A389B3 /* libcocos2d libraries.a */; };
		50F414F01069373D002A0D5E /* Default.png in Resources */ = {isa = PBXBuildFile; fileRef = 50F414EC1069373D002A0D5E /* Default.png */; };
		50F414F11069373D002A0D5E /* fps_images.png in Resources */ = {isa = PBXBuildFile; fileRef = 50F414ED1069373D002A0D5E /* fps_images.png */; };
		50F414F21069373D002A0D5E /* Icon.png in Resources */ = {isa = PBXBuildFile; fileRef = 50F414EE1069373D002A0D5E /* Icon.png */; };
		84451D9A131D009200B3027B /* Level.mm in Sources */ = {isa = PBXBuildFile; fileRef = 84451D99131D009200B3027B /* Level.mm */; };
		84451DA3131D07C600B3027B /* CreepNormal.mm in Sources */ = {isa = PBXBuildFile; fileRef = 84451DA2131D07C600B3027B /* CreepNormal.mm */; };
		844CA028133CB1E200D54329 /* CreepSpawn.mm in Sources */ = {isa = PBXBuildFile; fileRef = 844CA027133CB1E200D54329 /* CreepSpawn.mm */; };
		844CA02B133CB52E00D54329 /* CreepSpawnUnderlings.mm in Sources */ = {isa = PBXBuildFile; fileRef = 844CA02A133CB52E00D54329 /* CreepSpawnUnderlings.mm */; };
		8451A5D81338B83000B695FE /* PowerUp.mm in Sources */ = {isa = PBXBuildFile; fileRef = 8451A5D71338B83000B695FE /* PowerUp.mm */; };
		84778D2413297E45004EC62F /* CreepFast.mm in Sources */ = {isa = PBXBuildFile; fileRef = 84778D2313297E45004EC62F /* CreepFast.mm */; };
		84778D2613297E9F004EC62F /* CircleCreep.png in Resources */ = {isa = PBXBuildFile; fileRef = 84778D2513297E9F004EC62F /* CircleCreep.png */; };
		84C4C6CE136AD882004B0319 /* LevelTest.m in Sources */ = {isa = PBXBuildFile; fileRef = 84C4C6CD136AD882004B0319 /* LevelTest.m */; };
		B6097322132F7DF9008414F5 /* towerOffensiveDeffensiveOptions.png in Resources */ = {isa = PBXBuildFile; fileRef = B6097321132F7DF9008414F5 /* towerOffensiveDeffensiveOptions.png */; };
		B6097360132F89F9008414F5 /* TowerPellet.mm in Sources */ = {isa = PBXBuildFile; fileRef = B609735F132F89F9008414F5 /* TowerPellet.mm */; };
		B6097369132F8F9C008414F5 /* pellet.png in Resources */ = {isa = PBXBuildFile; fileRef = B6097368132F8F9C008414F5 /* pellet.png */; };
		B61088871333765900BD1D68 /* Bullet.mm in Sources */ = {isa = PBXBuildFile; fileRef = B61088861333765900BD1D68 /* Bullet.mm */; };
		B61088A3133389F400BD1D68 /* stuff_circle.png in Resources */ = {isa = PBXBuildFile; fileRef = B61088A2133389F400BD1D68 /* stuff_circle.png */; };
		B636A8C2134B1D6D00D37A2E /* TowerLaser.mm in Sources */ = {isa = PBXBuildFile; fileRef = B636A8C1134B1D6D00D37A2E /* TowerLaser.mm */; };
		B636A8C5134B1F4E00D37A2E /* LaserBullet.mm in Sources */ = {isa = PBXBuildFile; fileRef = B636A8C4134B1F4E00D37A2E /* LaserBullet.mm */; };
		B683EA9313279D6B00005123 /* target-icon-th.png in Resources */ = {isa = PBXBuildFile; fileRef = B683EA9213279D6B00005123 /* target-icon-th.png */; };
		B683EABD1327D68B00005123 /* Wave.m in Sources */ = {isa = PBXBuildFile; fileRef = B683EABC1327D68B00005123 /* Wave.m */; };
		B6A61B531345DDD30031FBE0 /* CreepSpawn.png in Resources */ = {isa = PBXBuildFile; fileRef = B6A61B521345DDD30031FBE0 /* CreepSpawn.png */; };
		B6AD09C91318043300152052 /* Controller.mm in Sources */ = {isa = PBXBuildFile; fileRef = B6AD09C81318043300152052 /* Controller.mm */; };
		B6AD09CC1318052E00152052 /* Entity.mm in Sources */ = {isa = PBXBuildFile; fileRef = B6AD09CB1318052E00152052 /* Entity.mm */; };
		B6AD09D11318095400152052 /* Creep.mm in Sources */ = {isa = PBXBuildFile; fileRef = B6AD09D01318095400152052 /* Creep.mm */; };
		B6AD09D813180B2600152052 /* Tower.mm in Sources */ = {isa = PBXBuildFile; fileRef = B6AD09D713180B2600152052 /* Tower.mm */; };
		B6C39D52131D361D00914963 /* GameGUI.mm in Sources */ = {isa = PBXBuildFile; fileRef = B6C39D51131D361D00914963 /* GameGUI.mm */; };
		B6C39D55131D3F8800914963 /* menuMockUp.png in Resources */ = {isa = PBXBuildFile; fileRef = B6C39D53131D3F8800914963 /* menuMockUp.png */; };
		B6C39D56131D3F8800914963 /* TriangleCreep.png in Resources */ = {isa = PBXBuildFile; fileRef = B6C39D54131D3F8800914963 /* TriangleCreep.png */; };
		B6C44AA41345D45000F687D4 /* MainMenu.m in Sources */ = {isa = PBXBuildFile; fileRef = B6C44AA31345D45000F687D4 /* MainMenu.m */; };
		B6DA569E1327E442008082A4 /* towerSelector.png in Resources */ = {isa = PBXBuildFile; fileRef = B6DA569C1327E442008082A4 /* towerSelector.png */; };
		B6DA56D61327EFBE008082A4 /* towerseed.jpg in Resources */ = {isa = PBXBuildFile; fileRef = B6DA56D51327EFBE008082A4 /* towerseed.jpg */; };
		B6DB6BB91339FE6600F2EAE3 /* TowerMissile.mm in Sources */ = {isa = PBXBuildFile; fileRef = B6DB6BB81339FE6600F2EAE3 /* TowerMissile.mm */; };
		B6DB6BBE133A043700F2EAE3 /* BulletPellet.mm in Sources */ = {isa = PBXBuildFile; fileRef = B6DB6BBD133A043700F2EAE3 /* BulletPellet.mm */; };
		B6DB6BEA133A05D100F2EAE3 /* BulletMissile.mm in Sources */ = {isa = PBXBuildFile; fileRef = B6DB6BE9133A05D100F2EAE3 /* BulletMissile.mm */; };
		B6DB6BEC133A075300F2EAE3 /* missileTurret.png in Resources */ = {isa = PBXBuildFile; fileRef = B6DB6BEB133A075300F2EAE3 /* missileTurret.png */; };
		B6DB6BFC133A0AF400F2EAE3 /* towerOffensiveSelector.png in Resources */ = {isa = PBXBuildFile; fileRef = B6DB6BFB133A0AF400F2EAE3 /* towerOffensiveSelector.png */; };
		B6DB6C08133A0F9C00F2EAE3 /* missile.png in Resources */ = {isa = PBXBuildFile; fileRef = B6DB6C07133A0F9C00F2EAE3 /* missile.png */; };
		DC6640030F83B3EA000B3E49 /* AudioToolbox.framework in Frameworks */ = {isa = PBXBuildFile; fileRef = DC6640020F83B3EA000B3E49 /* AudioToolbox.framework */; };
		DC6640050F83B3EA000B3E49 /* OpenAL.framework in Frameworks */ = {isa = PBXBuildFile; fileRef = DC6640040F83B3EA000B3E49 /* OpenAL.framework */; };
		DCCBF1B70F6022AE0040855A /* CoreGraphics.framework in Frameworks */ = {isa = PBXBuildFile; fileRef = DCCBF1B60F6022AE0040855A /* CoreGraphics.framework */; };
		DCCBF1B90F6022AE0040855A /* Foundation.framework in Frameworks */ = {isa = PBXBuildFile; fileRef = DCCBF1B80F6022AE0040855A /* Foundation.framework */; };
		DCCBF1BB0F6022AE0040855A /* OpenGLES.framework in Frameworks */ = {isa = PBXBuildFile; fileRef = DCCBF1BA0F6022AE0040855A /* OpenGLES.framework */; };
		DCCBF1BD0F6022AE0040855A /* QuartzCore.framework in Frameworks */ = {isa = PBXBuildFile; fileRef = DCCBF1BC0F6022AE0040855A /* QuartzCore.framework */; };
		DCCBF1BF0F6022AE0040855A /* UIKit.framework in Frameworks */ = {isa = PBXBuildFile; fileRef = DCCBF1BE0F6022AE0040855A /* UIKit.framework */; };
/* End PBXBuildFile section */

/* Begin PBXContainerItemProxy section */
		506EE1A71030507B00A389B3 /* PBXContainerItemProxy */ = {
			isa = PBXContainerItemProxy;
			containerPortal = 29B97313FDCFA39411CA2CEA /* Project object */;
			proxyType = 1;
			remoteGlobalIDString = 506EE05D10304ED200A389B3;
			remoteInfo = "cocos2d libraries";
		};
/* End PBXContainerItemProxy section */

/* Begin PBXFileReference section */
		1D6058910D05DD3D006BFB54 /* Towers42Project.app */ = {isa = PBXFileReference; explicitFileType = wrapper.application; includeInIndex = 0; path = Towers42Project.app; sourceTree = BUILT_PRODUCTS_DIR; };
		1F3B9A2B0EF2145700286867 /* Towers42ProjectAppDelegate.m */ = {isa = PBXFileReference; fileEncoding = 4; lastKnownFileType = sourcecode.c.objc; name = Towers42ProjectAppDelegate.m; path = Classes/Towers42ProjectAppDelegate.m; sourceTree = SOURCE_ROOT; };
		1F3B9A2C0EF2145700286867 /* Towers42ProjectAppDelegate.h */ = {isa = PBXFileReference; fileEncoding = 4; lastKnownFileType = sourcecode.c.h; name = Towers42ProjectAppDelegate.h; path = Classes/Towers42ProjectAppDelegate.h; sourceTree = SOURCE_ROOT; };
		1F3B9A820EF2151B00286867 /* Towers42Project_Prefix.pch */ = {isa = PBXFileReference; fileEncoding = 4; lastKnownFileType = sourcecode.c.h; path = Towers42Project_Prefix.pch; sourceTree = SOURCE_ROOT; };
		29B97316FDCFA39411CA2CEA /* main.m */ = {isa = PBXFileReference; fileEncoding = 4; lastKnownFileType = sourcecode.c.objc; path = main.m; sourceTree = "<group>"; };
		506EDB87102F4C4000A389B3 /* libz.dylib */ = {isa = PBXFileReference; lastKnownFileType = "compiled.mach-o.dylib"; name = libz.dylib; path = usr/lib/libz.dylib; sourceTree = SDKROOT; };
		506EDBA4102F4C9F00A389B3 /* AVFoundation.framework */ = {isa = PBXFileReference; lastKnownFileType = wrapper.framework; name = AVFoundation.framework; path = System/Library/Frameworks/AVFoundation.framework; sourceTree = SDKROOT; };
		506EDC2F102F528A00A389B3 /* MainScene.h */ = {isa = PBXFileReference; fileEncoding = 4; lastKnownFileType = sourcecode.c.h; path = MainScene.h; sourceTree = "<group>"; };
		506EDC30102F528A00A389B3 /* MainScene.mm */ = {isa = PBXFileReference; fileEncoding = 4; lastKnownFileType = sourcecode.cpp.objcpp; path = MainScene.mm; sourceTree = "<group>"; };
		506EE05E10304ED200A389B3 /* libcocos2d libraries.a */ = {isa = PBXFileReference; explicitFileType = archive.ar; includeInIndex = 0; path = "libcocos2d libraries.a"; sourceTree = BUILT_PRODUCTS_DIR; };
		50F414EC1069373D002A0D5E /* Default.png */ = {isa = PBXFileReference; lastKnownFileType = image.png; path = Default.png; sourceTree = "<group>"; };
		50F414ED1069373D002A0D5E /* fps_images.png */ = {isa = PBXFileReference; lastKnownFileType = image.png; path = fps_images.png; sourceTree = "<group>"; };
		50F414EE1069373D002A0D5E /* Icon.png */ = {isa = PBXFileReference; lastKnownFileType = image.png; path = Icon.png; sourceTree = "<group>"; };
		50F414EF1069373D002A0D5E /* Info.plist */ = {isa = PBXFileReference; fileEncoding = 4; lastKnownFileType = text.plist.xml; path = Info.plist; sourceTree = "<group>"; };
		84451D99131D009200B3027B /* Level.mm */ = {isa = PBXFileReference; fileEncoding = 4; lastKnownFileType = sourcecode.cpp.objcpp; path = Level.mm; sourceTree = "<group>"; };
		84451D9D131D00BC00B3027B /* Level.h */ = {isa = PBXFileReference; fileEncoding = 4; lastKnownFileType = sourcecode.c.h; path = Level.h; sourceTree = "<group>"; };
		84451DA1131D07C600B3027B /* CreepNormal.h */ = {isa = PBXFileReference; fileEncoding = 4; lastKnownFileType = sourcecode.c.h; path = CreepNormal.h; sourceTree = "<group>"; };
		84451DA2131D07C600B3027B /* CreepNormal.mm */ = {isa = PBXFileReference; fileEncoding = 4; lastKnownFileType = sourcecode.cpp.objcpp; path = CreepNormal.mm; sourceTree = "<group>"; };
		844CA026133CB1E200D54329 /* CreepSpawn.h */ = {isa = PBXFileReference; fileEncoding = 4; lastKnownFileType = sourcecode.c.h; path = CreepSpawn.h; sourceTree = "<group>"; };
		844CA027133CB1E200D54329 /* CreepSpawn.mm */ = {isa = PBXFileReference; fileEncoding = 4; lastKnownFileType = sourcecode.cpp.objcpp; path = CreepSpawn.mm; sourceTree = "<group>"; };
		844CA029133CB52E00D54329 /* CreepSpawnUnderlings.h */ = {isa = PBXFileReference; fileEncoding = 4; lastKnownFileType = sourcecode.c.h; path = CreepSpawnUnderlings.h; sourceTree = "<group>"; };
		844CA02A133CB52E00D54329 /* CreepSpawnUnderlings.mm */ = {isa = PBXFileReference; fileEncoding = 4; lastKnownFileType = sourcecode.cpp.objcpp; path = CreepSpawnUnderlings.mm; sourceTree = "<group>"; };
		8451A5D61338B83000B695FE /* PowerUp.h */ = {isa = PBXFileReference; fileEncoding = 4; lastKnownFileType = sourcecode.c.h; path = PowerUp.h; sourceTree = "<group>"; };
		8451A5D71338B83000B695FE /* PowerUp.mm */ = {isa = PBXFileReference; fileEncoding = 4; lastKnownFileType = sourcecode.cpp.objcpp; path = PowerUp.mm; sourceTree = "<group>"; };
		84778D2213297E45004EC62F /* CreepFast.h */ = {isa = PBXFileReference; fileEncoding = 4; lastKnownFileType = sourcecode.c.h; path = CreepFast.h; sourceTree = "<group>"; };
		84778D2313297E45004EC62F /* CreepFast.mm */ = {isa = PBXFileReference; fileEncoding = 4; lastKnownFileType = sourcecode.cpp.objcpp; path = CreepFast.mm; sourceTree = "<group>"; };
		84778D2513297E9F004EC62F /* CircleCreep.png */ = {isa = PBXFileReference; lastKnownFileType = image.png; path = CircleCreep.png; sourceTree = "<group>"; };
		84C4C6CC136AD882004B0319 /* LevelTest.h */ = {isa = PBXFileReference; fileEncoding = 4; lastKnownFileType = sourcecode.c.h; path = LevelTest.h; sourceTree = "<group>"; };
		84C4C6CD136AD882004B0319 /* LevelTest.m */ = {isa = PBXFileReference; fileEncoding = 4; lastKnownFileType = sourcecode.c.objc; path = LevelTest.m; sourceTree = "<group>"; };
		B6097321132F7DF9008414F5 /* towerOffensiveDeffensiveOptions.png */ = {isa = PBXFileReference; lastKnownFileType = image.png; path = towerOffensiveDeffensiveOptions.png; sourceTree = "<group>"; };
		B609735E132F89F9008414F5 /* TowerPellet.h */ = {isa = PBXFileReference; fileEncoding = 4; lastKnownFileType = sourcecode.c.h; path = TowerPellet.h; sourceTree = "<group>"; };
		B609735F132F89F9008414F5 /* TowerPellet.mm */ = {isa = PBXFileReference; fileEncoding = 4; lastKnownFileType = sourcecode.cpp.objcpp; path = TowerPellet.mm; sourceTree = "<group>"; };
		B6097368132F8F9C008414F5 /* pellet.png */ = {isa = PBXFileReference; lastKnownFileType = image.png; path = pellet.png; sourceTree = "<group>"; };
		B61088851333765900BD1D68 /* Bullet.h */ = {isa = PBXFileReference; fileEncoding = 4; lastKnownFileType = sourcecode.c.h; path = Bullet.h; sourceTree = "<group>"; };
		B61088861333765900BD1D68 /* Bullet.mm */ = {isa = PBXFileReference; fileEncoding = 4; lastKnownFileType = sourcecode.cpp.objcpp; path = Bullet.mm; sourceTree = "<group>"; };
		B61088A2133389F400BD1D68 /* stuff_circle.png */ = {isa = PBXFileReference; lastKnownFileType = image.png; path = stuff_circle.png; sourceTree = "<group>"; };
		B636A8C0134B1D6D00D37A2E /* TowerLaser.h */ = {isa = PBXFileReference; fileEncoding = 4; lastKnownFileType = sourcecode.c.h; path = TowerLaser.h; sourceTree = "<group>"; };
		B636A8C1134B1D6D00D37A2E /* TowerLaser.mm */ = {isa = PBXFileReference; fileEncoding = 4; lastKnownFileType = sourcecode.cpp.objcpp; path = TowerLaser.mm; sourceTree = "<group>"; };
		B636A8C3134B1F4E00D37A2E /* LaserBullet.h */ = {isa = PBXFileReference; fileEncoding = 4; lastKnownFileType = sourcecode.c.h; path = LaserBullet.h; sourceTree = "<group>"; };
		B636A8C4134B1F4E00D37A2E /* LaserBullet.mm */ = {isa = PBXFileReference; fileEncoding = 4; lastKnownFileType = sourcecode.cpp.objcpp; path = LaserBullet.mm; sourceTree = "<group>"; };
		B683EA9213279D6B00005123 /* target-icon-th.png */ = {isa = PBXFileReference; lastKnownFileType = image.png; path = "target-icon-th.png"; sourceTree = "<group>"; };
		B683EABB1327D68B00005123 /* Wave.h */ = {isa = PBXFileReference; fileEncoding = 4; lastKnownFileType = sourcecode.c.h; path = Wave.h; sourceTree = "<group>"; };
		B683EABC1327D68B00005123 /* Wave.m */ = {isa = PBXFileReference; fileEncoding = 4; lastKnownFileType = sourcecode.c.objc; path = Wave.m; sourceTree = "<group>"; };
		B6A61B521345DDD30031FBE0 /* CreepSpawn.png */ = {isa = PBXFileReference; lastKnownFileType = image.png; path = CreepSpawn.png; sourceTree = "<group>"; };
		B6AD09C71318043300152052 /* Controller.h */ = {isa = PBXFileReference; fileEncoding = 4; lastKnownFileType = sourcecode.c.h; path = Controller.h; sourceTree = "<group>"; };
		B6AD09C81318043300152052 /* Controller.mm */ = {isa = PBXFileReference; fileEncoding = 4; lastKnownFileType = sourcecode.cpp.objcpp; path = Controller.mm; sourceTree = "<group>"; };
		B6AD09CA1318052E00152052 /* Entity.h */ = {isa = PBXFileReference; fileEncoding = 4; lastKnownFileType = sourcecode.c.h; path = Entity.h; sourceTree = "<group>"; };
		B6AD09CB1318052E00152052 /* Entity.mm */ = {isa = PBXFileReference; fileEncoding = 4; lastKnownFileType = sourcecode.cpp.objcpp; path = Entity.mm; sourceTree = "<group>"; };
		B6AD09CF1318095400152052 /* Creep.h */ = {isa = PBXFileReference; fileEncoding = 4; lastKnownFileType = sourcecode.c.h; path = Creep.h; sourceTree = "<group>"; };
		B6AD09D01318095400152052 /* Creep.mm */ = {isa = PBXFileReference; fileEncoding = 4; lastKnownFileType = sourcecode.cpp.objcpp; path = Creep.mm; sourceTree = "<group>"; };
		B6AD09D613180B2600152052 /* Tower.h */ = {isa = PBXFileReference; fileEncoding = 4; lastKnownFileType = sourcecode.c.h; path = Tower.h; sourceTree = "<group>"; };
		B6AD09D713180B2600152052 /* Tower.mm */ = {isa = PBXFileReference; fileEncoding = 4; lastKnownFileType = sourcecode.cpp.objcpp; path = Tower.mm; sourceTree = "<group>"; };
		B6AD0A0513181F3900152052 /* defs.h */ = {isa = PBXFileReference; fileEncoding = 4; lastKnownFileType = sourcecode.c.h; path = defs.h; sourceTree = "<group>"; };
		B6C39D50131D361D00914963 /* GameGUI.h */ = {isa = PBXFileReference; fileEncoding = 4; lastKnownFileType = sourcecode.c.h; path = GameGUI.h; sourceTree = "<group>"; };
		B6C39D51131D361D00914963 /* GameGUI.mm */ = {isa = PBXFileReference; fileEncoding = 4; lastKnownFileType = sourcecode.cpp.objcpp; path = GameGUI.mm; sourceTree = "<group>"; };
		B6C39D53131D3F8800914963 /* menuMockUp.png */ = {isa = PBXFileReference; lastKnownFileType = image.png; path = menuMockUp.png; sourceTree = "<group>"; };
		B6C39D54131D3F8800914963 /* TriangleCreep.png */ = {isa = PBXFileReference; lastKnownFileType = image.png; path = TriangleCreep.png; sourceTree = "<group>"; };
		B6C44AA21345D45000F687D4 /* MainMenu.h */ = {isa = PBXFileReference; fileEncoding = 4; lastKnownFileType = sourcecode.c.h; path = MainMenu.h; sourceTree = "<group>"; };
		B6C44AA31345D45000F687D4 /* MainMenu.m */ = {isa = PBXFileReference; fileEncoding = 4; lastKnownFileType = sourcecode.c.objc; path = MainMenu.m; sourceTree = "<group>"; };
		B6DA569C1327E442008082A4 /* towerSelector.png */ = {isa = PBXFileReference; lastKnownFileType = image.png; path = towerSelector.png; sourceTree = "<group>"; };
		B6DA56D51327EFBE008082A4 /* towerseed.jpg */ = {isa = PBXFileReference; lastKnownFileType = image.jpeg; path = towerseed.jpg; sourceTree = "<group>"; };
		B6DB6BB71339FE6600F2EAE3 /* TowerMissile.h */ = {isa = PBXFileReference; fileEncoding = 4; lastKnownFileType = sourcecode.c.h; path = TowerMissile.h; sourceTree = "<group>"; };
		B6DB6BB81339FE6600F2EAE3 /* TowerMissile.mm */ = {isa = PBXFileReference; fileEncoding = 4; lastKnownFileType = sourcecode.cpp.objcpp; path = TowerMissile.mm; sourceTree = "<group>"; };
		B6DB6BBC133A043700F2EAE3 /* BulletPellet.h */ = {isa = PBXFileReference; fileEncoding = 4; lastKnownFileType = sourcecode.c.h; path = BulletPellet.h; sourceTree = "<group>"; };
		B6DB6BBD133A043700F2EAE3 /* BulletPellet.mm */ = {isa = PBXFileReference; fileEncoding = 4; lastKnownFileType = sourcecode.cpp.objcpp; path = BulletPellet.mm; sourceTree = "<group>"; };
		B6DB6BE8133A05D100F2EAE3 /* BulletMissile.h */ = {isa = PBXFileReference; fileEncoding = 4; lastKnownFileType = sourcecode.c.h; path = BulletMissile.h; sourceTree = "<group>"; };
		B6DB6BE9133A05D100F2EAE3 /* BulletMissile.mm */ = {isa = PBXFileReference; fileEncoding = 4; lastKnownFileType = sourcecode.cpp.objcpp; path = BulletMissile.mm; sourceTree = "<group>"; };
		B6DB6BEB133A075300F2EAE3 /* missileTurret.png */ = {isa = PBXFileReference; lastKnownFileType = image.png; path = missileTurret.png; sourceTree = "<group>"; };
		B6DB6BFB133A0AF400F2EAE3 /* towerOffensiveSelector.png */ = {isa = PBXFileReference; lastKnownFileType = image.png; path = towerOffensiveSelector.png; sourceTree = "<group>"; };
		B6DB6C07133A0F9C00F2EAE3 /* missile.png */ = {isa = PBXFileReference; lastKnownFileType = image.png; path = missile.png; sourceTree = "<group>"; };
		DC6640020F83B3EA000B3E49 /* AudioToolbox.framework */ = {isa = PBXFileReference; lastKnownFileType = wrapper.framework; name = AudioToolbox.framework; path = System/Library/Frameworks/AudioToolbox.framework; sourceTree = SDKROOT; };
		DC6640040F83B3EA000B3E49 /* OpenAL.framework */ = {isa = PBXFileReference; lastKnownFileType = wrapper.framework; name = OpenAL.framework; path = System/Library/Frameworks/OpenAL.framework; sourceTree = SDKROOT; };
		DCCBF1B60F6022AE0040855A /* CoreGraphics.framework */ = {isa = PBXFileReference; lastKnownFileType = wrapper.framework; name = CoreGraphics.framework; path = System/Library/Frameworks/CoreGraphics.framework; sourceTree = SDKROOT; };
		DCCBF1B80F6022AE0040855A /* Foundation.framework */ = {isa = PBXFileReference; lastKnownFileType = wrapper.framework; name = Foundation.framework; path = System/Library/Frameworks/Foundation.framework; sourceTree = SDKROOT; };
		DCCBF1BA0F6022AE0040855A /* OpenGLES.framework */ = {isa = PBXFileReference; lastKnownFileType = wrapper.framework; name = OpenGLES.framework; path = System/Library/Frameworks/OpenGLES.framework; sourceTree = SDKROOT; };
		DCCBF1BC0F6022AE0040855A /* QuartzCore.framework */ = {isa = PBXFileReference; lastKnownFileType = wrapper.framework; name = QuartzCore.framework; path = System/Library/Frameworks/QuartzCore.framework; sourceTree = SDKROOT; };
		DCCBF1BE0F6022AE0040855A /* UIKit.framework */ = {isa = PBXFileReference; lastKnownFileType = wrapper.framework; name = UIKit.framework; path = System/Library/Frameworks/UIKit.framework; sourceTree = SDKROOT; };
/* End PBXFileReference section */

/* Begin PBXFrameworksBuildPhase section */
		1D60588F0D05DD3D006BFB54 /* Frameworks */ = {
			isa = PBXFrameworksBuildPhase;
			buildActionMask = 2147483647;
			files = (
				DCCBF1B70F6022AE0040855A /* CoreGraphics.framework in Frameworks */,
				DCCBF1B90F6022AE0040855A /* Foundation.framework in Frameworks */,
				DCCBF1BB0F6022AE0040855A /* OpenGLES.framework in Frameworks */,
				DCCBF1BD0F6022AE0040855A /* QuartzCore.framework in Frameworks */,
				DCCBF1BF0F6022AE0040855A /* UIKit.framework in Frameworks */,
				DC6640030F83B3EA000B3E49 /* AudioToolbox.framework in Frameworks */,
				DC6640050F83B3EA000B3E49 /* OpenAL.framework in Frameworks */,
				506EDB88102F4C4000A389B3 /* libz.dylib in Frameworks */,
				506EDBA5102F4C9F00A389B3 /* AVFoundation.framework in Frameworks */,
				506EE1A91030508200A389B3 /* libcocos2d libraries.a in Frameworks */,
			);
			runOnlyForDeploymentPostprocessing = 0;
		};
		506EE05C10304ED200A389B3 /* Frameworks */ = {
			isa = PBXFrameworksBuildPhase;
			buildActionMask = 2147483647;
			files = (
				505574581045D68500A31725 /* AVFoundation.framework in Frameworks */,
				505574591045D68500A31725 /* AudioToolbox.framework in Frameworks */,
				5055745A1045D68500A31725 /* CoreGraphics.framework in Frameworks */,
				5055745B1045D68500A31725 /* OpenAL.framework in Frameworks */,
				5055745C1045D68500A31725 /* OpenGLES.framework in Frameworks */,
				5055745D1045D68500A31725 /* QuartzCore.framework in Frameworks */,
				5055745E1045D69D00A31725 /* libz.dylib in Frameworks */,
			);
			runOnlyForDeploymentPostprocessing = 0;
		};
/* End PBXFrameworksBuildPhase section */

/* Begin PBXGroup section */
		19C28FACFE9D520D11CA2CBB /* Products */ = {
			isa = PBXGroup;
			children = (
				1D6058910D05DD3D006BFB54 /* Towers42Project.app */,
				506EE05E10304ED200A389B3 /* libcocos2d libraries.a */,
			);
			name = Products;
			sourceTree = "<group>";
		};
		29B97314FDCFA39411CA2CEA /* CustomTemplate */ = {
			isa = PBXGroup;
			children = (
				2D500B1D0D5A766B00DBA0E3 /* Classes */,
				29B97315FDCFA39411CA2CEA /* Other Sources */,
				50F414EB1069373D002A0D5E /* Resources */,
				29B97323FDCFA39411CA2CEA /* Frameworks */,
				19C28FACFE9D520D11CA2CBB /* Products */,
			);
			name = CustomTemplate;
			sourceTree = "<group>";
		};
		29B97315FDCFA39411CA2CEA /* Other Sources */ = {
			isa = PBXGroup;
			children = (
				1F3B9A820EF2151B00286867 /* Towers42Project_Prefix.pch */,
				29B97316FDCFA39411CA2CEA /* main.m */,
			);
			name = "Other Sources";
			sourceTree = "<group>";
		};
		29B97323FDCFA39411CA2CEA /* Frameworks */ = {
			isa = PBXGroup;
			children = (
				DCCBF1B60F6022AE0040855A /* CoreGraphics.framework */,
				DCCBF1B80F6022AE0040855A /* Foundation.framework */,
				DCCBF1BA0F6022AE0040855A /* OpenGLES.framework */,
				DCCBF1BC0F6022AE0040855A /* QuartzCore.framework */,
				DCCBF1BE0F6022AE0040855A /* UIKit.framework */,
				DC6640040F83B3EA000B3E49 /* OpenAL.framework */,
				DC6640020F83B3EA000B3E49 /* AudioToolbox.framework */,
				506EDB87102F4C4000A389B3 /* libz.dylib */,
				506EDBA4102F4C9F00A389B3 /* AVFoundation.framework */,
			);
			name = Frameworks;
			sourceTree = "<group>";
		};
		2D500B1D0D5A766B00DBA0E3 /* Classes */ = {
			isa = PBXGroup;
			children = (
				B6C44AA11345D3C000F687D4 /* Menus */,
				B610885513336D3300BD1D68 /* Entities */,
				506EDC2F102F528A00A389B3 /* MainScene.h */,
				506EDC30102F528A00A389B3 /* MainScene.mm */,
				1F3B9A2C0EF2145700286867 /* Towers42ProjectAppDelegate.h */,
				1F3B9A2B0EF2145700286867 /* Towers42ProjectAppDelegate.m */,
				B6AD09C71318043300152052 /* Controller.h */,
				B6AD09C81318043300152052 /* Controller.mm */,
				B6AD0A0513181F3900152052 /* defs.h */,
				B6C39D50131D361D00914963 /* GameGUI.h */,
				B6C39D51131D361D00914963 /* GameGUI.mm */,
			);
			path = Classes;
			sourceTree = "<group>";
		};
		50F414EB1069373D002A0D5E /* Resources */ = {
			isa = PBXGroup;
			children = (
				B61088A4133389F700BD1D68 /* bullets */,
				B6097361132F8F8D008414F5 /* Towers */,
				B6097323132F7DFC008414F5 /* MenuItems */,
				84778D2513297E9F004EC62F /* CircleCreep.png */,
				B6A61B521345DDD30031FBE0 /* CreepSpawn.png */,
				B6DA56D51327EFBE008082A4 /* towerseed.jpg */,
				B6DA569C1327E442008082A4 /* towerSelector.png */,
				B683EA9213279D6B00005123 /* target-icon-th.png */,
				B6C39D54131D3F8800914963 /* TriangleCreep.png */,
				50F414EC1069373D002A0D5E /* Default.png */,
				50F414ED1069373D002A0D5E /* fps_images.png */,
				50F414EE1069373D002A0D5E /* Icon.png */,
				50F414EF1069373D002A0D5E /* Info.plist */,
			);
			path = Resources;
			sourceTree = "<group>";
		};
		842FFF11133A00C10037C594 /* Wave */ = {
			isa = PBXGroup;
			children = (
				B683EABB1327D68B00005123 /* Wave.h */,
				B683EABC1327D68B00005123 /* Wave.m */,
			);
			name = Wave;
			sourceTree = "<group>";
		};
		84451DA0131D075100B3027B /* Creeps */ = {
			isa = PBXGroup;
			children = (
				B6AD09CF1318095400152052 /* Creep.h */,
				B6AD09D01318095400152052 /* Creep.mm */,
				84778D2213297E45004EC62F /* CreepFast.h */,
				84778D2313297E45004EC62F /* CreepFast.mm */,
				84451DA1131D07C600B3027B /* CreepNormal.h */,
				84451DA2131D07C600B3027B /* CreepNormal.mm */,
				844CA026133CB1E200D54329 /* CreepSpawn.h */,
				844CA027133CB1E200D54329 /* CreepSpawn.mm */,
				844CA029133CB52E00D54329 /* CreepSpawnUnderlings.h */,
				844CA02A133CB52E00D54329 /* CreepSpawnUnderlings.mm */,
			);
			name = Creeps;
			sourceTree = "<group>";
		};
		84C4C6CB136AD818004B0319 /* Levels */ = {
			isa = PBXGroup;
			children = (
				84451D9D131D00BC00B3027B /* Level.h */,
				84451D99131D009200B3027B /* Level.mm */,
				84C4C6CC136AD882004B0319 /* LevelTest.h */,
				84C4C6CD136AD882004B0319 /* LevelTest.m */,
			);
			name = Levels;
			sourceTree = "<group>";
		};
		B6097323132F7DFC008414F5 /* MenuItems */ = {
			isa = PBXGroup;
			children = (
				B6DB6BFB133A0AF400F2EAE3 /* towerOffensiveSelector.png */,
				B6097321132F7DF9008414F5 /* towerOffensiveDeffensiveOptions.png */,
				B6C39D53131D3F8800914963 /* menuMockUp.png */,
			);
			name = MenuItems;
			sourceTree = "<group>";
		};
		B609735D132F89DA008414F5 /* Towers */ = {
			isa = PBXGroup;
			children = (
				B6AD09D613180B2600152052 /* Tower.h */,
				B6AD09D713180B2600152052 /* Tower.mm */,
				B609735E132F89F9008414F5 /* TowerPellet.h */,
				B609735F132F89F9008414F5 /* TowerPellet.mm */,
				B6DB6BB71339FE6600F2EAE3 /* TowerMissile.h */,
				B6DB6BB81339FE6600F2EAE3 /* TowerMissile.mm */,
				B636A8C0134B1D6D00D37A2E /* TowerLaser.h */,
				B636A8C1134B1D6D00D37A2E /* TowerLaser.mm */,
			);
			name = Towers;
			sourceTree = "<group>";
		};
		B6097361132F8F8D008414F5 /* Towers */ = {
			isa = PBXGroup;
			children = (
				B6DB6BEB133A075300F2EAE3 /* missileTurret.png */,
				B6097368132F8F9C008414F5 /* pellet.png */,
			);
			name = Towers;
			sourceTree = "<group>";
		};
		B610885513336D3300BD1D68 /* Entities */ = {
			isa = PBXGroup;
			children = (
				84C4C6CB136AD818004B0319 /* Levels */,
				842FFF11133A00C10037C594 /* Wave */,
				B6AD09CA1318052E00152052 /* Entity.h */,
				B6AD09CB1318052E00152052 /* Entity.mm */,
				B61088841333763900BD1D68 /* Bullets */,
				B609735D132F89DA008414F5 /* Towers */,
				84451DA0131D075100B3027B /* Creeps */,
				8451A5D61338B83000B695FE /* PowerUp.h */,
				8451A5D71338B83000B695FE /* PowerUp.mm */,
			);
			name = Entities;
			sourceTree = "<group>";
		};
		B61088841333763900BD1D68 /* Bullets */ = {
			isa = PBXGroup;
			children = (
				B61088851333765900BD1D68 /* Bullet.h */,
				B61088861333765900BD1D68 /* Bullet.mm */,
				B6DB6BBC133A043700F2EAE3 /* BulletPellet.h */,
				B6DB6BBD133A043700F2EAE3 /* BulletPellet.mm */,
				B6DB6BE8133A05D100F2EAE3 /* BulletMissile.h */,
				B6DB6BE9133A05D100F2EAE3 /* BulletMissile.mm */,
				B636A8C3134B1F4E00D37A2E /* LaserBullet.h */,
				B636A8C4134B1F4E00D37A2E /* LaserBullet.mm */,
			);
			name = Bullets;
			sourceTree = "<group>";
		};
		B61088A4133389F700BD1D68 /* bullets */ = {
			isa = PBXGroup;
			children = (
				B6DB6C07133A0F9C00F2EAE3 /* missile.png */,
				B61088A2133389F400BD1D68 /* stuff_circle.png */,
			);
			name = bullets;
			sourceTree = "<group>";
		};
		B6C44AA11345D3C000F687D4 /* Menus */ = {
			isa = PBXGroup;
			children = (
				B6C44AA21345D45000F687D4 /* MainMenu.h */,
				B6C44AA31345D45000F687D4 /* MainMenu.m */,
			);
			name = Menus;
			sourceTree = "<group>";
		};
/* End PBXGroup section */

/* Begin PBXHeadersBuildPhase section */
		506EE05A10304ED200A389B3 /* Headers */ = {
			isa = PBXHeadersBuildPhase;
			buildActionMask = 2147483647;
			files = (
			);
			runOnlyForDeploymentPostprocessing = 0;
		};
/* End PBXHeadersBuildPhase section */

/* Begin PBXNativeTarget section */
		1D6058900D05DD3D006BFB54 /* Towers42Project */ = {
			isa = PBXNativeTarget;
			buildConfigurationList = 1D6058960D05DD3E006BFB54 /* Build configuration list for PBXNativeTarget "Towers42Project" */;
			buildPhases = (
				1D60588D0D05DD3D006BFB54 /* Resources */,
				1D60588E0D05DD3D006BFB54 /* Sources */,
				1D60588F0D05DD3D006BFB54 /* Frameworks */,
			);
			buildRules = (
			);
			dependencies = (
				506EE1A81030507B00A389B3 /* PBXTargetDependency */,
			);
			name = Towers42Project;
			productName = Towers42Project;
			productReference = 1D6058910D05DD3D006BFB54 /* Towers42Project.app */;
			productType = "com.apple.product-type.application";
		};
		506EE05D10304ED200A389B3 /* cocos2d libraries */ = {
			isa = PBXNativeTarget;
			buildConfigurationList = 506EE06410304F0100A389B3 /* Build configuration list for PBXNativeTarget "cocos2d libraries" */;
			buildPhases = (
				506EE05A10304ED200A389B3 /* Headers */,
				506EE05B10304ED200A389B3 /* Sources */,
				506EE05C10304ED200A389B3 /* Frameworks */,
			);
			buildRules = (
			);
			dependencies = (
			);
			name = "cocos2d libraries";
			productName = "cocos2d libraries";
			productReference = 506EE05E10304ED200A389B3 /* libcocos2d libraries.a */;
			productType = "com.apple.product-type.library.static";
		};
/* End PBXNativeTarget section */

/* Begin PBXProject section */
		29B97313FDCFA39411CA2CEA /* Project object */ = {
			isa = PBXProject;
			buildConfigurationList = C01FCF4E08A954540054247B /* Build configuration list for PBXProject "Towers42Project" */;
			compatibilityVersion = "Xcode 3.1";
			developmentRegion = English;
			hasScannedForEncodings = 1;
			knownRegions = (
				English,
				Japanese,
				French,
				German,
			);
			mainGroup = 29B97314FDCFA39411CA2CEA /* CustomTemplate */;
			projectDirPath = "";
			projectRoot = "";
			targets = (
				1D6058900D05DD3D006BFB54 /* Towers42Project */,
				506EE05D10304ED200A389B3 /* cocos2d libraries */,
			);
		};
/* End PBXProject section */

/* Begin PBXResourcesBuildPhase section */
		1D60588D0D05DD3D006BFB54 /* Resources */ = {
			isa = PBXResourcesBuildPhase;
			buildActionMask = 2147483647;
			files = (
				50F414F01069373D002A0D5E /* Default.png in Resources */,
				50F414F11069373D002A0D5E /* fps_images.png in Resources */,
				50F414F21069373D002A0D5E /* Icon.png in Resources */,
				B6C39D55131D3F8800914963 /* menuMockUp.png in Resources */,
				B6C39D56131D3F8800914963 /* TriangleCreep.png in Resources */,
				B683EA9313279D6B00005123 /* target-icon-th.png in Resources */,
				B6DA569E1327E442008082A4 /* towerSelector.png in Resources */,
				B6DA56D61327EFBE008082A4 /* towerseed.jpg in Resources */,
				84778D2613297E9F004EC62F /* CircleCreep.png in Resources */,
				B6097322132F7DF9008414F5 /* towerOffensiveDeffensiveOptions.png in Resources */,
				B6097369132F8F9C008414F5 /* pellet.png in Resources */,
				B61088A3133389F400BD1D68 /* stuff_circle.png in Resources */,
				B6DB6BEC133A075300F2EAE3 /* missileTurret.png in Resources */,
				B6DB6BFC133A0AF400F2EAE3 /* towerOffensiveSelector.png in Resources */,
				B6DB6C08133A0F9C00F2EAE3 /* missile.png in Resources */,
				B6A61B531345DDD30031FBE0 /* CreepSpawn.png in Resources */,
			);
			runOnlyForDeploymentPostprocessing = 0;
		};
/* End PBXResourcesBuildPhase section */

/* Begin PBXSourcesBuildPhase section */
		1D60588E0D05DD3D006BFB54 /* Sources */ = {
			isa = PBXSourcesBuildPhase;
			buildActionMask = 2147483647;
			files = (
				1D60589B0D05DD56006BFB54 /* main.m in Sources */,
				1F3B9A2D0EF2145700286867 /* Towers42ProjectAppDelegate.m in Sources */,
				506EDC31102F528A00A389B3 /* MainScene.mm in Sources */,
				B6AD09C91318043300152052 /* Controller.mm in Sources */,
				B6AD09CC1318052E00152052 /* Entity.mm in Sources */,
				B6AD09D11318095400152052 /* Creep.mm in Sources */,
				B6AD09D813180B2600152052 /* Tower.mm in Sources */,
				84451D9A131D009200B3027B /* Level.mm in Sources */,
				84451DA3131D07C600B3027B /* CreepNormal.mm in Sources */,
				B6C39D52131D361D00914963 /* GameGUI.mm in Sources */,
				B683EABD1327D68B00005123 /* Wave.m in Sources */,
				84778D2413297E45004EC62F /* CreepFast.mm in Sources */,
				B6097360132F89F9008414F5 /* TowerPellet.mm in Sources */,
				B61088871333765900BD1D68 /* Bullet.mm in Sources */,
				B6DB6BB91339FE6600F2EAE3 /* TowerMissile.mm in Sources */,
				B6DB6BBE133A043700F2EAE3 /* BulletPellet.mm in Sources */,
				B6DB6BEA133A05D100F2EAE3 /* BulletMissile.mm in Sources */,
				8451A5D81338B83000B695FE /* PowerUp.mm in Sources */,
				844CA028133CB1E200D54329 /* CreepSpawn.mm in Sources */,
				844CA02B133CB52E00D54329 /* CreepSpawnUnderlings.mm in Sources */,
				B6C44AA41345D45000F687D4 /* MainMenu.m in Sources */,
				84C4C6CE136AD882004B0319 /* LevelTest.m in Sources */,
				B636A8C2134B1D6D00D37A2E /* TowerLaser.mm in Sources */,
				B636A8C5134B1F4E00D37A2E /* LaserBullet.mm in Sources */,
			);
			runOnlyForDeploymentPostprocessing = 0;
		};
		506EE05B10304ED200A389B3 /* Sources */ = {
			isa = PBXSourcesBuildPhase;
			buildActionMask = 2147483647;
			files = (
			);
			runOnlyForDeploymentPostprocessing = 0;
		};
/* End PBXSourcesBuildPhase section */

/* Begin PBXTargetDependency section */
		506EE1A81030507B00A389B3 /* PBXTargetDependency */ = {
			isa = PBXTargetDependency;
			target = 506EE05D10304ED200A389B3 /* cocos2d libraries */;
			targetProxy = 506EE1A71030507B00A389B3 /* PBXContainerItemProxy */;
		};
/* End PBXTargetDependency section */

/* Begin XCBuildConfiguration section */
		1D6058940D05DD3E006BFB54 /* Debug */ = {
			isa = XCBuildConfiguration;
			buildSettings = {
				ALWAYS_SEARCH_USER_PATHS = NO;
				COPY_PHASE_STRIP = NO;
				DEBUG_INFORMATION_FORMAT = "dwarf-with-dsym";
				GCC_DYNAMIC_NO_PIC = NO;
				GCC_ENABLE_FIX_AND_CONTINUE = NO;
				GCC_OPTIMIZATION_LEVEL = 0;
				GCC_PRECOMPILE_PREFIX_HEADER = YES;
				GCC_PREFIX_HEADER = Towers42Project_Prefix.pch;
				GCC_TREAT_WARNINGS_AS_ERRORS = NO;
				INFOPLIST_FILE = Resources/Info.plist;
				IPHONEOS_DEPLOYMENT_TARGET = 4.0;
				ONLY_ACTIVE_ARCH = YES;
				OTHER_LDFLAGS = (
					"-all_load",
					"-ObjC",
				);
				PREBINDING = NO;
				PRODUCT_NAME = Towers42Project;
				WARNING_CFLAGS = "-Wall";
			};
			name = Debug;
		};
		1D6058950D05DD3E006BFB54 /* Release */ = {
			isa = XCBuildConfiguration;
			buildSettings = {
				ALWAYS_SEARCH_USER_PATHS = NO;
				COPY_PHASE_STRIP = YES;
				DEBUG_INFORMATION_FORMAT = "dwarf-with-dsym";
				GCC_ENABLE_FIX_AND_CONTINUE = NO;
				GCC_PRECOMPILE_PREFIX_HEADER = YES;
				GCC_PREFIX_HEADER = Towers42Project_Prefix.pch;
				GCC_TREAT_WARNINGS_AS_ERRORS = NO;
				INFOPLIST_FILE = Resources/Info.plist;
				IPHONEOS_DEPLOYMENT_TARGET = 4.0;
				ONLY_ACTIVE_ARCH = NO;
				OTHER_LDFLAGS = (
					"-all_load",
					"-ObjC",
				);
				PREBINDING = NO;
				PRODUCT_NAME = Towers42Project;
				WARNING_CFLAGS = "-Wall";
			};
			name = Release;
		};
		506EE05F10304ED500A389B3 /* Debug */ = {
			isa = XCBuildConfiguration;
			buildSettings = {
				ALWAYS_SEARCH_USER_PATHS = NO;
				COPY_PHASE_STRIP = NO;
				GCC_DYNAMIC_NO_PIC = NO;
				GCC_OPTIMIZATION_LEVEL = 0;
				GCC_TREAT_WARNINGS_AS_ERRORS = NO;
				PREBINDING = NO;
				PRODUCT_NAME = "cocos2d libraries";
			};
			name = Debug;
		};
		506EE06010304ED500A389B3 /* Release */ = {
			isa = XCBuildConfiguration;
			buildSettings = {
				ALWAYS_SEARCH_USER_PATHS = NO;
				COPY_PHASE_STRIP = YES;
				DEBUG_INFORMATION_FORMAT = "dwarf-with-dsym";
				GCC_ENABLE_FIX_AND_CONTINUE = NO;
				GCC_TREAT_WARNINGS_AS_ERRORS = NO;
				PREBINDING = NO;
				PRODUCT_NAME = "cocos2d libraries";
				ZERO_LINK = NO;
			};
			name = Release;
		};
		C01FCF4F08A954540054247B /* Debug */ = {
			isa = XCBuildConfiguration;
			buildSettings = {
				ALWAYS_SEARCH_USER_PATHS = NO;
				ARCHS = "$(ARCHS_STANDARD_32_BIT)";
				"CODE_SIGN_IDENTITY[sdk=iphoneos*]" = "iPhone Developer";
				GCC_C_LANGUAGE_STANDARD = c99;
				GCC_PREPROCESSOR_DEFINITIONS = (
					DEBUG,
					"COCOS2D_DEBUG=1",
					"CD_DEBUG=1",
				);
				"GCC_THUMB_SUPPORT[arch=armv6]" = NO;
				"GCC_THUMB_SUPPORT[arch=armv7]" = YES;
				GCC_WARN_ABOUT_RETURN_TYPE = YES;
				GCC_WARN_UNUSED_VARIABLE = YES;
				IPHONEOS_DEPLOYMENT_TARGET = 3.0;
				ONLY_ACTIVE_ARCH = YES;
				PREBINDING = NO;
				SDKROOT = iphoneos;
			};
			name = Debug;
		};
		C01FCF5008A954540054247B /* Release */ = {
			isa = XCBuildConfiguration;
			buildSettings = {
				ALWAYS_SEARCH_USER_PATHS = NO;
				ARCHS = "$(ARCHS_STANDARD_32_BIT)";
				"CODE_SIGN_IDENTITY[sdk=iphoneos*]" = "iPhone Developer";
				GCC_C_LANGUAGE_STANDARD = c99;
				"GCC_THUMB_SUPPORT[arch=armv6]" = NO;
				"GCC_THUMB_SUPPORT[arch=armv7]" = YES;
				GCC_UNROLL_LOOPS = YES;
				GCC_WARN_ABOUT_RETURN_TYPE = YES;
				GCC_WARN_UNUSED_VARIABLE = YES;
				IPHONEOS_DEPLOYMENT_TARGET = 3.0;
				PREBINDING = NO;
				SDKROOT = iphoneos;
			};
			name = Release;
		};
/* End XCBuildConfiguration section */

/* Begin XCConfigurationList section */
		1D6058960D05DD3E006BFB54 /* Build configuration list for PBXNativeTarget "Towers42Project" */ = {
			isa = XCConfigurationList;
			buildConfigurations = (
				1D6058940D05DD3E006BFB54 /* Debug */,
				1D6058950D05DD3E006BFB54 /* Release */,
			);
			defaultConfigurationIsVisible = 0;
			defaultConfigurationName = Release;
		};
		506EE06410304F0100A389B3 /* Build configuration list for PBXNativeTarget "cocos2d libraries" */ = {
			isa = XCConfigurationList;
			buildConfigurations = (
				506EE05F10304ED500A389B3 /* Debug */,
				506EE06010304ED500A389B3 /* Release */,
			);
			defaultConfigurationIsVisible = 0;
			defaultConfigurationName = Release;
		};
		C01FCF4E08A954540054247B /* Build configuration list for PBXProject "Towers42Project" */ = {
			isa = XCConfigurationList;
			buildConfigurations = (
				C01FCF4F08A954540054247B /* Debug */,
				C01FCF5008A954540054247B /* Release */,
			);
			defaultConfigurationIsVisible = 0;
			defaultConfigurationName = Release;
		};
/* End XCConfigurationList section */
	};
	rootObject = 29B97313FDCFA39411CA2CEA /* Project object */;
}
